// !$*UTF8*$!
{
	archiveVersion = 1;
	classes = {
	};
	objectVersion = 50;
	objects = {

/* Begin PBXBuildFile section */
		4A521A9C23F2B98F00533165 /* AppDelegate.swift in Sources */ = {isa = PBXBuildFile; fileRef = 4A521A9B23F2B98F00533165 /* AppDelegate.swift */; };
		4A521A9E23F2B98F00533165 /* SceneDelegate.swift in Sources */ = {isa = PBXBuildFile; fileRef = 4A521A9D23F2B98F00533165 /* SceneDelegate.swift */; };
		4A521AA023F2B98F00533165 /* ViewController.swift in Sources */ = {isa = PBXBuildFile; fileRef = 4A521A9F23F2B98F00533165 /* ViewController.swift */; };
		4A521AA323F2B98F00533165 /* Main.storyboard in Resources */ = {isa = PBXBuildFile; fileRef = 4A521AA123F2B98F00533165 /* Main.storyboard */; };
		4A521AA523F2B99100533165 /* Assets.xcassets in Resources */ = {isa = PBXBuildFile; fileRef = 4A521AA423F2B99100533165 /* Assets.xcassets */; };
		4A521AA823F2B99100533165 /* LaunchScreen.storyboard in Resources */ = {isa = PBXBuildFile; fileRef = 4A521AA623F2B99100533165 /* LaunchScreen.storyboard */; };
		4A521AB323F2B99100533165 /* DifferentUiViewShapeTests.swift in Sources */ = {isa = PBXBuildFile; fileRef = 4A521AB223F2B99100533165 /* DifferentUiViewShapeTests.swift */; };
		4A521ABE23F2B99100533165 /* DifferentUiViewShapeUITests.swift in Sources */ = {isa = PBXBuildFile; fileRef = 4A521ABD23F2B99100533165 /* DifferentUiViewShapeUITests.swift */; };
/* End PBXBuildFile section */

/* Begin PBXContainerItemProxy section */
		4A521AAF23F2B99100533165 /* PBXContainerItemProxy */ = {
			isa = PBXContainerItemProxy;
			containerPortal = 4A521A9023F2B98F00533165 /* Project object */;
			proxyType = 1;
			remoteGlobalIDString = 4A521A9723F2B98F00533165;
			remoteInfo = DifferentUiViewShape;
		};
		4A521ABA23F2B99100533165 /* PBXContainerItemProxy */ = {
			isa = PBXContainerItemProxy;
			containerPortal = 4A521A9023F2B98F00533165 /* Project object */;
			proxyType = 1;
			remoteGlobalIDString = 4A521A9723F2B98F00533165;
			remoteInfo = DifferentUiViewShape;
		};
/* End PBXContainerItemProxy section */

/* Begin PBXFileReference section */
		4A521A9823F2B98F00533165 /* DifferentUiViewShape.app */ = {isa = PBXFileReference; explicitFileType = wrapper.application; includeInIndex = 0; path = DifferentUiViewShape.app; sourceTree = BUILT_PRODUCTS_DIR; };
		4A521A9B23F2B98F00533165 /* AppDelegate.swift */ = {isa = PBXFileReference; lastKnownFileType = sourcecode.swift; path = AppDelegate.swift; sourceTree = "<group>"; };
		4A521A9D23F2B98F00533165 /* SceneDelegate.swift */ = {isa = PBXFileReference; lastKnownFileType = sourcecode.swift; path = SceneDelegate.swift; sourceTree = "<group>"; };
		4A521A9F23F2B98F00533165 /* ViewController.swift */ = {isa = PBXFileReference; lastKnownFileType = sourcecode.swift; path = ViewController.swift; sourceTree = "<group>"; };
		4A521AA223F2B98F00533165 /* Base */ = {isa = PBXFileReference; lastKnownFileType = file.storyboard; name = Base; path = Base.lproj/Main.storyboard; sourceTree = "<group>"; };
		4A521AA423F2B99100533165 /* Assets.xcassets */ = {isa = PBXFileReference; lastKnownFileType = folder.assetcatalog; path = Assets.xcassets; sourceTree = "<group>"; };
		4A521AA723F2B99100533165 /* Base */ = {isa = PBXFileReference; lastKnownFileType = file.storyboard; name = Base; path = Base.lproj/LaunchScreen.storyboard; sourceTree = "<group>"; };
		4A521AA923F2B99100533165 /* Info.plist */ = {isa = PBXFileReference; lastKnownFileType = text.plist.xml; path = Info.plist; sourceTree = "<group>"; };
		4A521AAE23F2B99100533165 /* DifferentUiViewShapeTests.xctest */ = {isa = PBXFileReference; explicitFileType = wrapper.cfbundle; includeInIndex = 0; path = DifferentUiViewShapeTests.xctest; sourceTree = BUILT_PRODUCTS_DIR; };
		4A521AB223F2B99100533165 /* DifferentUiViewShapeTests.swift */ = {isa = PBXFileReference; lastKnownFileType = sourcecode.swift; path = DifferentUiViewShapeTests.swift; sourceTree = "<group>"; };
		4A521AB423F2B99100533165 /* Info.plist */ = {isa = PBXFileReference; lastKnownFileType = text.plist.xml; path = Info.plist; sourceTree = "<group>"; };
		4A521AB923F2B99100533165 /* DifferentUiViewShapeUITests.xctest */ = {isa = PBXFileReference; explicitFileType = wrapper.cfbundle; includeInIndex = 0; path = DifferentUiViewShapeUITests.xctest; sourceTree = BUILT_PRODUCTS_DIR; };
		4A521ABD23F2B99100533165 /* DifferentUiViewShapeUITests.swift */ = {isa = PBXFileReference; lastKnownFileType = sourcecode.swift; path = DifferentUiViewShapeUITests.swift; sourceTree = "<group>"; };
		4A521ABF23F2B99100533165 /* Info.plist */ = {isa = PBXFileReference; lastKnownFileType = text.plist.xml; path = Info.plist; sourceTree = "<group>"; };
/* End PBXFileReference section */

/* Begin PBXFrameworksBuildPhase section */
		4A521A9523F2B98F00533165 /* Frameworks */ = {
			isa = PBXFrameworksBuildPhase;
			buildActionMask = 2147483647;
			files = (
			);
			runOnlyForDeploymentPostprocessing = 0;
		};
		4A521AAB23F2B99100533165 /* Frameworks */ = {
			isa = PBXFrameworksBuildPhase;
			buildActionMask = 2147483647;
			files = (
			);
			runOnlyForDeploymentPostprocessing = 0;
		};
		4A521AB623F2B99100533165 /* Frameworks */ = {
			isa = PBXFrameworksBuildPhase;
			buildActionMask = 2147483647;
			files = (
			);
			runOnlyForDeploymentPostprocessing = 0;
		};
/* End PBXFrameworksBuildPhase section */

/* Begin PBXGroup section */
		4A521A8F23F2B98F00533165 = {
			isa = PBXGroup;
			children = (
				4A521A9A23F2B98F00533165 /* DifferentUiViewShape */,
				4A521AB123F2B99100533165 /* DifferentUiViewShapeTests */,
				4A521ABC23F2B99100533165 /* DifferentUiViewShapeUITests */,
				4A521A9923F2B98F00533165 /* Products */,
			);
			sourceTree = "<group>";
		};
		4A521A9923F2B98F00533165 /* Products */ = {
			isa = PBXGroup;
			children = (
				4A521A9823F2B98F00533165 /* DifferentUiViewShape.app */,
				4A521AAE23F2B99100533165 /* DifferentUiViewShapeTests.xctest */,
				4A521AB923F2B99100533165 /* DifferentUiViewShapeUITests.xctest */,
			);
			name = Products;
			sourceTree = "<group>";
		};
		4A521A9A23F2B98F00533165 /* DifferentUiViewShape */ = {
			isa = PBXGroup;
			children = (
				4A521A9B23F2B98F00533165 /* AppDelegate.swift */,
				4A521A9D23F2B98F00533165 /* SceneDelegate.swift */,
				4A521A9F23F2B98F00533165 /* ViewController.swift */,
				4A521AA123F2B98F00533165 /* Main.storyboard */,
				4A521AA423F2B99100533165 /* Assets.xcassets */,
				4A521AA623F2B99100533165 /* LaunchScreen.storyboard */,
				4A521AA923F2B99100533165 /* Info.plist */,
			);
			path = DifferentUiViewShape;
			sourceTree = "<group>";
		};
		4A521AB123F2B99100533165 /* DifferentUiViewShapeTests */ = {
			isa = PBXGroup;
			children = (
				4A521AB223F2B99100533165 /* DifferentUiViewShapeTests.swift */,
				4A521AB423F2B99100533165 /* Info.plist */,
			);
			path = DifferentUiViewShapeTests;
			sourceTree = "<group>";
		};
		4A521ABC23F2B99100533165 /* DifferentUiViewShapeUITests */ = {
			isa = PBXGroup;
			children = (
				4A521ABD23F2B99100533165 /* DifferentUiViewShapeUITests.swift */,
				4A521ABF23F2B99100533165 /* Info.plist */,
			);
			path = DifferentUiViewShapeUITests;
			sourceTree = "<group>";
		};
/* End PBXGroup section */

/* Begin PBXNativeTarget section */
		4A521A9723F2B98F00533165 /* DifferentUiViewShape */ = {
			isa = PBXNativeTarget;
			buildConfigurationList = 4A521AC223F2B99100533165 /* Build configuration list for PBXNativeTarget "DifferentUiViewShape" */;
			buildPhases = (
				4A521A9423F2B98F00533165 /* Sources */,
				4A521A9523F2B98F00533165 /* Frameworks */,
				4A521A9623F2B98F00533165 /* Resources */,
			);
			buildRules = (
			);
			dependencies = (
			);
			name = DifferentUiViewShape;
			productName = DifferentUiViewShape;
			productReference = 4A521A9823F2B98F00533165 /* DifferentUiViewShape.app */;
			productType = "com.apple.product-type.application";
		};
		4A521AAD23F2B99100533165 /* DifferentUiViewShapeTests */ = {
			isa = PBXNativeTarget;
			buildConfigurationList = 4A521AC523F2B99100533165 /* Build configuration list for PBXNativeTarget "DifferentUiViewShapeTests" */;
			buildPhases = (
				4A521AAA23F2B99100533165 /* Sources */,
				4A521AAB23F2B99100533165 /* Frameworks */,
				4A521AAC23F2B99100533165 /* Resources */,
			);
			buildRules = (
			);
			dependencies = (
				4A521AB023F2B99100533165 /* PBXTargetDependency */,
			);
			name = DifferentUiViewShapeTests;
			productName = DifferentUiViewShapeTests;
			productReference = 4A521AAE23F2B99100533165 /* DifferentUiViewShapeTests.xctest */;
			productType = "com.apple.product-type.bundle.unit-test";
		};
		4A521AB823F2B99100533165 /* DifferentUiViewShapeUITests */ = {
			isa = PBXNativeTarget;
			buildConfigurationList = 4A521AC823F2B99100533165 /* Build configuration list for PBXNativeTarget "DifferentUiViewShapeUITests" */;
			buildPhases = (
				4A521AB523F2B99100533165 /* Sources */,
				4A521AB623F2B99100533165 /* Frameworks */,
				4A521AB723F2B99100533165 /* Resources */,
			);
			buildRules = (
			);
			dependencies = (
				4A521ABB23F2B99100533165 /* PBXTargetDependency */,
			);
			name = DifferentUiViewShapeUITests;
			productName = DifferentUiViewShapeUITests;
			productReference = 4A521AB923F2B99100533165 /* DifferentUiViewShapeUITests.xctest */;
			productType = "com.apple.product-type.bundle.ui-testing";
		};
/* End PBXNativeTarget section */

/* Begin PBXProject section */
		4A521A9023F2B98F00533165 /* Project object */ = {
			isa = PBXProject;
			attributes = {
				LastSwiftUpdateCheck = 1130;
				LastUpgradeCheck = 1130;
				ORGANIZATIONNAME = "Akshay Khadke";
				TargetAttributes = {
					4A521A9723F2B98F00533165 = {
						CreatedOnToolsVersion = 11.3.1;
					};
					4A521AAD23F2B99100533165 = {
						CreatedOnToolsVersion = 11.3.1;
						TestTargetID = 4A521A9723F2B98F00533165;
					};
					4A521AB823F2B99100533165 = {
						CreatedOnToolsVersion = 11.3.1;
						TestTargetID = 4A521A9723F2B98F00533165;
					};
				};
			};
			buildConfigurationList = 4A521A9323F2B98F00533165 /* Build configuration list for PBXProject "DifferentUiViewShape" */;
			compatibilityVersion = "Xcode 9.3";
			developmentRegion = en;
			hasScannedForEncodings = 0;
			knownRegions = (
				en,
				Base,
			);
			mainGroup = 4A521A8F23F2B98F00533165;
			productRefGroup = 4A521A9923F2B98F00533165 /* Products */;
			projectDirPath = "";
			projectRoot = "";
			targets = (
				4A521A9723F2B98F00533165 /* DifferentUiViewShape */,
				4A521AAD23F2B99100533165 /* DifferentUiViewShapeTests */,
				4A521AB823F2B99100533165 /* DifferentUiViewShapeUITests */,
			);
		};
/* End PBXProject section */

/* Begin PBXResourcesBuildPhase section */
		4A521A9623F2B98F00533165 /* Resources */ = {
			isa = PBXResourcesBuildPhase;
			buildActionMask = 2147483647;
			files = (
				4A521AA823F2B99100533165 /* LaunchScreen.storyboard in Resources */,
				4A521AA523F2B99100533165 /* Assets.xcassets in Resources */,
				4A521AA323F2B98F00533165 /* Main.storyboard in Resources */,
			);
			runOnlyForDeploymentPostprocessing = 0;
		};
		4A521AAC23F2B99100533165 /* Resources */ = {
			isa = PBXResourcesBuildPhase;
			buildActionMask = 2147483647;
			files = (
			);
			runOnlyForDeploymentPostprocessing = 0;
		};
		4A521AB723F2B99100533165 /* Resources */ = {
			isa = PBXResourcesBuildPhase;
			buildActionMask = 2147483647;
			files = (
			);
			runOnlyForDeploymentPostprocessing = 0;
		};
/* End PBXResourcesBuildPhase section */

/* Begin PBXSourcesBuildPhase section */
		4A521A9423F2B98F00533165 /* Sources */ = {
			isa = PBXSourcesBuildPhase;
			buildActionMask = 2147483647;
			files = (
				4A521AA023F2B98F00533165 /* ViewController.swift in Sources */,
				4A521A9C23F2B98F00533165 /* AppDelegate.swift in Sources */,
				4A521A9E23F2B98F00533165 /* SceneDelegate.swift in Sources */,
			);
			runOnlyForDeploymentPostprocessing = 0;
		};
		4A521AAA23F2B99100533165 /* Sources */ = {
			isa = PBXSourcesBuildPhase;
			buildActionMask = 2147483647;
			files = (
				4A521AB323F2B99100533165 /* DifferentUiViewShapeTests.swift in Sources */,
			);
			runOnlyForDeploymentPostprocessing = 0;
		};
		4A521AB523F2B99100533165 /* Sources */ = {
			isa = PBXSourcesBuildPhase;
			buildActionMask = 2147483647;
			files = (
				4A521ABE23F2B99100533165 /* DifferentUiViewShapeUITests.swift in Sources */,
			);
			runOnlyForDeploymentPostprocessing = 0;
		};
/* End PBXSourcesBuildPhase section */

/* Begin PBXTargetDependency section */
		4A521AB023F2B99100533165 /* PBXTargetDependency */ = {
			isa = PBXTargetDependency;
			target = 4A521A9723F2B98F00533165 /* DifferentUiViewShape */;
			targetProxy = 4A521AAF23F2B99100533165 /* PBXContainerItemProxy */;
		};
		4A521ABB23F2B99100533165 /* PBXTargetDependency */ = {
			isa = PBXTargetDependency;
			target = 4A521A9723F2B98F00533165 /* DifferentUiViewShape */;
			targetProxy = 4A521ABA23F2B99100533165 /* PBXContainerItemProxy */;
		};
/* End PBXTargetDependency section */

/* Begin PBXVariantGroup section */
		4A521AA123F2B98F00533165 /* Main.storyboard */ = {
			isa = PBXVariantGroup;
			children = (
				4A521AA223F2B98F00533165 /* Base */,
			);
			name = Main.storyboard;
			sourceTree = "<group>";
		};
		4A521AA623F2B99100533165 /* LaunchScreen.storyboard */ = {
			isa = PBXVariantGroup;
			children = (
				4A521AA723F2B99100533165 /* Base */,
			);
			name = LaunchScreen.storyboard;
			sourceTree = "<group>";
		};
/* End PBXVariantGroup section */

/* Begin XCBuildConfiguration section */
		4A521AC023F2B99100533165 /* Debug */ = {
			isa = XCBuildConfiguration;
			buildSettings = {
				ALWAYS_SEARCH_USER_PATHS = NO;
				CLANG_ANALYZER_NONNULL = YES;
				CLANG_ANALYZER_NUMBER_OBJECT_CONVERSION = YES_AGGRESSIVE;
				CLANG_CXX_LANGUAGE_STANDARD = "gnu++14";
				CLANG_CXX_LIBRARY = "libc++";
				CLANG_ENABLE_MODULES = YES;
				CLANG_ENABLE_OBJC_ARC = YES;
				CLANG_ENABLE_OBJC_WEAK = YES;
				CLANG_WARN_BLOCK_CAPTURE_AUTORELEASING = YES;
				CLANG_WARN_BOOL_CONVERSION = YES;
				CLANG_WARN_COMMA = YES;
				CLANG_WARN_CONSTANT_CONVERSION = YES;
				CLANG_WARN_DEPRECATED_OBJC_IMPLEMENTATIONS = YES;
				CLANG_WARN_DIRECT_OBJC_ISA_USAGE = YES_ERROR;
				CLANG_WARN_DOCUMENTATION_COMMENTS = YES;
				CLANG_WARN_EMPTY_BODY = YES;
				CLANG_WARN_ENUM_CONVERSION = YES;
				CLANG_WARN_INFINITE_RECURSION = YES;
				CLANG_WARN_INT_CONVERSION = YES;
				CLANG_WARN_NON_LITERAL_NULL_CONVERSION = YES;
				CLANG_WARN_OBJC_IMPLICIT_RETAIN_SELF = YES;
				CLANG_WARN_OBJC_LITERAL_CONVERSION = YES;
				CLANG_WARN_OBJC_ROOT_CLASS = YES_ERROR;
				CLANG_WARN_RANGE_LOOP_ANALYSIS = YES;
				CLANG_WARN_STRICT_PROTOTYPES = YES;
				CLANG_WARN_SUSPICIOUS_MOVE = YES;
				CLANG_WARN_UNGUARDED_AVAILABILITY = YES_AGGRESSIVE;
				CLANG_WARN_UNREACHABLE_CODE = YES;
				CLANG_WARN__DUPLICATE_METHOD_MATCH = YES;
				COPY_PHASE_STRIP = NO;
				DEBUG_INFORMATION_FORMAT = dwarf;
				ENABLE_STRICT_OBJC_MSGSEND = YES;
				ENABLE_TESTABILITY = YES;
				GCC_C_LANGUAGE_STANDARD = gnu11;
				GCC_DYNAMIC_NO_PIC = NO;
				GCC_NO_COMMON_BLOCKS = YES;
				GCC_OPTIMIZATION_LEVEL = 0;
				GCC_PREPROCESSOR_DEFINITIONS = (
					"DEBUG=1",
					"$(inherited)",
				);
				GCC_WARN_64_TO_32_BIT_CONVERSION = YES;
				GCC_WARN_ABOUT_RETURN_TYPE = YES_ERROR;
				GCC_WARN_UNDECLARED_SELECTOR = YES;
				GCC_WARN_UNINITIALIZED_AUTOS = YES_AGGRESSIVE;
				GCC_WARN_UNUSED_FUNCTION = YES;
				GCC_WARN_UNUSED_VARIABLE = YES;
				IPHONEOS_DEPLOYMENT_TARGET = 13.2;
				MTL_ENABLE_DEBUG_INFO = INCLUDE_SOURCE;
				MTL_FAST_MATH = YES;
				ONLY_ACTIVE_ARCH = YES;
				SDKROOT = iphoneos;
				SWIFT_ACTIVE_COMPILATION_CONDITIONS = DEBUG;
				SWIFT_OPTIMIZATION_LEVEL = "-Onone";
			};
			name = Debug;
		};
		4A521AC123F2B99100533165 /* Release */ = {
			isa = XCBuildConfiguration;
			buildSettings = {
				ALWAYS_SEARCH_USER_PATHS = NO;
				CLANG_ANALYZER_NONNULL = YES;
				CLANG_ANALYZER_NUMBER_OBJECT_CONVERSION = YES_AGGRESSIVE;
				CLANG_CXX_LANGUAGE_STANDARD = "gnu++14";
				CLANG_CXX_LIBRARY = "libc++";
				CLANG_ENABLE_MODULES = YES;
				CLANG_ENABLE_OBJC_ARC = YES;
				CLANG_ENABLE_OBJC_WEAK = YES;
				CLANG_WARN_BLOCK_CAPTURE_AUTORELEASING = YES;
				CLANG_WARN_BOOL_CONVERSION = YES;
				CLANG_WARN_COMMA = YES;
				CLANG_WARN_CONSTANT_CONVERSION = YES;
				CLANG_WARN_DEPRECATED_OBJC_IMPLEMENTATIONS = YES;
				CLANG_WARN_DIRECT_OBJC_ISA_USAGE = YES_ERROR;
				CLANG_WARN_DOCUMENTATION_COMMENTS = YES;
				CLANG_WARN_EMPTY_BODY = YES;
				CLANG_WARN_ENUM_CONVERSION = YES;
				CLANG_WARN_INFINITE_RECURSION = YES;
				CLANG_WARN_INT_CONVERSION = YES;
				CLANG_WARN_NON_LITERAL_NULL_CONVERSION = YES;
				CLANG_WARN_OBJC_IMPLICIT_RETAIN_SELF = YES;
				CLANG_WARN_OBJC_LITERAL_CONVERSION = YES;
				CLANG_WARN_OBJC_ROOT_CLASS = YES_ERROR;
				CLANG_WARN_RANGE_LOOP_ANALYSIS = YES;
				CLANG_WARN_STRICT_PROTOTYPES = YES;
				CLANG_WARN_SUSPICIOUS_MOVE = YES;
				CLANG_WARN_UNGUARDED_AVAILABILITY = YES_AGGRESSIVE;
				CLANG_WARN_UNREACHABLE_CODE = YES;
				CLANG_WARN__DUPLICATE_METHOD_MATCH = YES;
				COPY_PHASE_STRIP = NO;
				DEBUG_INFORMATION_FORMAT = "dwarf-with-dsym";
				ENABLE_NS_ASSERTIONS = NO;
				ENABLE_STRICT_OBJC_MSGSEND = YES;
				GCC_C_LANGUAGE_STANDARD = gnu11;
				GCC_NO_COMMON_BLOCKS = YES;
				GCC_WARN_64_TO_32_BIT_CONVERSION = YES;
				GCC_WARN_ABOUT_RETURN_TYPE = YES_ERROR;
				GCC_WARN_UNDECLARED_SELECTOR = YES;
				GCC_WARN_UNINITIALIZED_AUTOS = YES_AGGRESSIVE;
				GCC_WARN_UNUSED_FUNCTION = YES;
				GCC_WARN_UNUSED_VARIABLE = YES;
				IPHONEOS_DEPLOYMENT_TARGET = 13.2;
				MTL_ENABLE_DEBUG_INFO = NO;
				MTL_FAST_MATH = YES;
				SDKROOT = iphoneos;
				SWIFT_COMPILATION_MODE = wholemodule;
				SWIFT_OPTIMIZATION_LEVEL = "-O";
				VALIDATE_PRODUCT = YES;
			};
			name = Release;
		};
		4A521AC323F2B99100533165 /* Debug */ = {
			isa = XCBuildConfiguration;
			buildSettings = {
				ASSETCATALOG_COMPILER_APPICON_NAME = AppIcon;
				CODE_SIGN_STYLE = Automatic;
				INFOPLIST_FILE = DifferentUiViewShape/Info.plist;
				LD_RUNPATH_SEARCH_PATHS = (
					"$(inherited)",
					"@executable_path/Frameworks",
				);
				PRODUCT_BUNDLE_IDENTIFIER = com.fanfight.DifferentUiViewShape;
				PRODUCT_NAME = "$(TARGET_NAME)";
				SWIFT_VERSION = 5.0;
				TARGETED_DEVICE_FAMILY = "1,2";
			};
			name = Debug;
		};
		4A521AC423F2B99100533165 /* Release */ = {
			isa = XCBuildConfiguration;
			buildSettings = {
				ASSETCATALOG_COMPILER_APPICON_NAME = AppIcon;
				CODE_SIGN_STYLE = Automatic;
				INFOPLIST_FILE = DifferentUiViewShape/Info.plist;
				LD_RUNPATH_SEARCH_PATHS = (
					"$(inherited)",
					"@executable_path/Frameworks",
				);
				PRODUCT_BUNDLE_IDENTIFIER = com.fanfight.DifferentUiViewShape;
				PRODUCT_NAME = "$(TARGET_NAME)";
				SWIFT_VERSION = 5.0;
				TARGETED_DEVICE_FAMILY = "1,2";
			};
			name = Release;
		};
		4A521AC623F2B99100533165 /* Debug */ = {
			isa = XCBuildConfiguration;
			buildSettings = {
				ALWAYS_EMBED_SWIFT_STANDARD_LIBRARIES = YES;
				BUNDLE_LOADER = "$(TEST_HOST)";
				CODE_SIGN_STYLE = Automatic;
				INFOPLIST_FILE = DifferentUiViewShapeTests/Info.plist;
				IPHONEOS_DEPLOYMENT_TARGET = 13.2;
				LD_RUNPATH_SEARCH_PATHS = (
					"$(inherited)",
					"@executable_path/Frameworks",
					"@loader_path/Frameworks",
				);
				PRODUCT_BUNDLE_IDENTIFIER = com.fanfight.DifferentUiViewShapeTests;
				PRODUCT_NAME = "$(TARGET_NAME)";
				SWIFT_VERSION = 5.0;
				TARGETED_DEVICE_FAMILY = "1,2";
				TEST_HOST = "$(BUILT_PRODUCTS_DIR)/DifferentUiViewShape.app/DifferentUiViewShape";
			};
			name = Debug;
		};
		4A521AC723F2B99100533165 /* Release */ = {
			isa = XCBuildConfiguration;
			buildSettings = {
				ALWAYS_EMBED_SWIFT_STANDARD_LIBRARIES = YES;
				BUNDLE_LOADER = "$(TEST_HOST)";
				CODE_SIGN_STYLE = Automatic;
				INFOPLIST_FILE = DifferentUiViewShapeTests/Info.plist;
				IPHONEOS_DEPLOYMENT_TARGET = 13.2;
				LD_RUNPATH_SEARCH_PATHS = (
					"$(inherited)",
					"@executable_path/Frameworks",
					"@loader_path/Frameworks",
				);
				PRODUCT_BUNDLE_IDENTIFIER = com.fanfight.DifferentUiViewShapeTests;
				PRODUCT_NAME = "$(TARGET_NAME)";
				SWIFT_VERSION = 5.0;
				TARGETED_DEVICE_FAMILY = "1,2";
				TEST_HOST = "$(BUILT_PRODUCTS_DIR)/DifferentUiViewShape.app/DifferentUiViewShape";
			};
			name = Release;
		};
		4A521AC923F2B99100533165 /* Debug */ = {
			isa = XCBuildConfiguration;
			buildSettings = {
				ALWAYS_EMBED_SWIFT_STANDARD_LIBRARIES = YES;
				CODE_SIGN_STYLE = Automatic;
				INFOPLIST_FILE = DifferentUiViewShapeUITests/Info.plist;
				LD_RUNPATH_SEARCH_PATHS = (
					"$(inherited)",
					"@executable_path/Frameworks",
					"@loader_path/Frameworks",
				);
				PRODUCT_BUNDLE_IDENTIFIER = com.fanfight.DifferentUiViewShapeUITests;
				PRODUCT_NAME = "$(TARGET_NAME)";
				SWIFT_VERSION = 5.0;
				TARGETED_DEVICE_FAMILY = "1,2";
				TEST_TARGET_NAME = DifferentUiViewShape;
			};
			name = Debug;
		};
		4A521ACA23F2B99100533165 /* Release */ = {
			isa = XCBuildConfiguration;
			buildSettings = {
				ALWAYS_EMBED_SWIFT_STANDARD_LIBRARIES = YES;
				CODE_SIGN_STYLE = Automatic;
				INFOPLIST_FILE = DifferentUiViewShapeUITests/Info.plist;
				LD_RUNPATH_SEARCH_PATHS = (
					"$(inherited)",
					"@executable_path/Frameworks",
					"@loader_path/Frameworks",
				);
				PRODUCT_BUNDLE_IDENTIFIER = com.fanfight.DifferentUiViewShapeUITests;
				PRODUCT_NAME = "$(TARGET_NAME)";
				SWIFT_VERSION = 5.0;
				TARGETED_DEVICE_FAMILY = "1,2";
				TEST_TARGET_NAME = DifferentUiViewShape;
			};
			name = Release;
		};
/* End XCBuildConfiguration section */

/* Begin XCConfigurationList section */
		4A521A9323F2B98F00533165 /* Build configuration list for PBXProject "DifferentUiViewShape" */ = {
			isa = XCConfigurationList;
			buildConfigurations = (
				4A521AC023F2B99100533165 /* Debug */,
				4A521AC123F2B99100533165 /* Release */,
			);
			defaultConfigurationIsVisible = 0;
			defaultConfigurationName = Release;
		};
		4A521AC223F2B99100533165 /* Build configuration list for PBXNativeTarget "DifferentUiViewShape" */ = {
			isa = XCConfigurationList;
			buildConfigurations = (
				4A521AC323F2B99100533165 /* Debug */,
				4A521AC423F2B99100533165 /* Release */,
			);
			defaultConfigurationIsVisible = 0;
			defaultConfigurationName = Release;
		};
		4A521AC523F2B99100533165 /* Build configuration list for PBXNativeTarget "DifferentUiViewShapeTests" */ = {
			isa = XCConfigurationList;
			buildConfigurations = (
				4A521AC623F2B99100533165 /* Debug */,
				4A521AC723F2B99100533165 /* Release */,
			);
			defaultConfigurationIsVisible = 0;
			defaultConfigurationName = Release;
		};
		4A521AC823F2B99100533165 /* Build configuration list for PBXNativeTarget "DifferentUiViewShapeUITests" */ = {
			isa = XCConfigurationList;
			buildConfigurations = (
				4A521AC923F2B99100533165 /* Debug */,
				4A521ACA23F2B99100533165 /* Release */,
			);
			defaultConfigurationIsVisible = 0;
			defaultConfigurationName = Release;
		};
/* End XCConfigurationList section */
	};
	rootObject = 4A521A9023F2B98F00533165 /* Project object */;
}
